
Microsoft Visual Studio Solution File, Format Version 12.00
# Visual Studio 15
VisualStudioVersion = 15.0.28307.106
MinimumVisualStudioVersion = 10.0.40219.1
Project("{2150E333-8FDC-42A3-9474-1A3956D46DE8}") = "src", "src", "{B15A241F-3C2C-40C6-AF5C-6748EDA1B02A}"
EndProject
Project("{2150E333-8FDC-42A3-9474-1A3956D46DE8}") = "Services", "Services", "{DFB78E9B-674D-4DBA-93D8-E9AF1C974C7F}"
EndProject
Project("{2150E333-8FDC-42A3-9474-1A3956D46DE8}") = "Settlement", "Settlement", "{E32EEE83-ECC3-4453-AFFD-2A3AD8B3269A}"
EndProject
Project("{9A19103F-16F7-4668-BE54-9A1E7A4F7556}") = "Settlement.API", "Settlement.API\Settlement.API.csproj", "{37E40364-93EC-4535-86E8-9F232AE076FE}"
EndProject
Project("{9A19103F-16F7-4668-BE54-9A1E7A4F7556}") = "Settlement.Domain", "Settlement.Domain\Settlement.Domain.csproj", "{ED3B611F-F612-42B8-AB07-B91318E2199F}"
EndProject
Project("{9A19103F-16F7-4668-BE54-9A1E7A4F7556}") = "Settlement.Infrastructure", "Settlement.Infrastructure\Settlement.Infrastructure.csproj", "{E6807E39-D995-467B-9380-365C64E60F49}"
EndProject
Project("{9A19103F-16F7-4668-BE54-9A1E7A4F7556}") = "MongoDbTest", "MongoDbTest\MongoDbTest.csproj", "{815B3EF4-7A08-4927-A495-AAA16AC329FA}"
EndProject
Project("{2150E333-8FDC-42A3-9474-1A3956D46DE8}") = "Invoice", "Invoice", "{7013D413-BECC-456B-98F1-1535601E5B3B}"
EndProject
Project("{9A19103F-16F7-4668-BE54-9A1E7A4F7556}") = "Invoice.API", "Invoice.API\Invoice.API.csproj", "{327A8114-8574-43A7-8768-9F1AE1F48AB4}"
EndProject
Project("{9A19103F-16F7-4668-BE54-9A1E7A4F7556}") = "Invoice.Domain", "Invoice.Domain\Invoice.Domain.csproj", "{F473E2FA-0E6D-4E16-8E3D-1493D5F7D6E0}"
EndProject
Project("{9A19103F-16F7-4668-BE54-9A1E7A4F7556}") = "Invoice.Infrastructure", "Invoice.Infrastructure\Invoice.Infrastructure.csproj", "{98272237-FBBF-4F95-BC6F-44EA91490F3A}"
EndProject
Project("{2150E333-8FDC-42A3-9474-1A3956D46DE8}") = "Common", "Common", "{A5DD8841-A474-45C8-A8A9-7A2F5A32E333}"
EndProject
Project("{9A19103F-16F7-4668-BE54-9A1E7A4F7556}") = "PowerIndustryOnMicroservices.Common", "PowerIndustryOnMicroservices.Common\PowerIndustryOnMicroservices.Common.csproj", "{A171855E-222C-4BA2-AD71-5C2742D6D9B7}"
EndProject
Project("{2150E333-8FDC-42A3-9474-1A3956D46DE8}") = "API", "API", "{6532A568-0FC2-4A1A-8D07-122FBD8181B2}"
EndProject
Project("{9A19103F-16F7-4668-BE54-9A1E7A4F7556}") = "APIGateway", "APIGateway\APIGateway.csproj", "{E2AC73AA-2426-4F16-8AF9-351D01EBBEF2}"
EndProject
Project("{2150E333-8FDC-42A3-9474-1A3956D46DE8}") = "Solution Items", "Solution Items", "{4A24726A-1DD0-4608-BE53-887AEBEBF919}"
	ProjectSection(SolutionItems) = preProject
		Tools.txt = Tools.txt
	EndProjectSection
EndProject
Project("{FAE04EC0-301F-11D3-BF4B-00C04F79EFBC}") = "Invoice.Test", "Invoice.Test\Invoice.Test.csproj", "{51C42B15-EED4-4881-B9DA-4ECC5B3FAF14}"
EndProject
Global
	GlobalSection(SolutionConfigurationPlatforms) = preSolution
		Debug|Any CPU = Debug|Any CPU
		Release|Any CPU = Release|Any CPU
	EndGlobalSection
	GlobalSection(ProjectConfigurationPlatforms) = postSolution
		{37E40364-93EC-4535-86E8-9F232AE076FE}.Debug|Any CPU.ActiveCfg = Debug|Any CPU
		{37E40364-93EC-4535-86E8-9F232AE076FE}.Debug|Any CPU.Build.0 = Debug|Any CPU
		{37E40364-93EC-4535-86E8-9F232AE076FE}.Release|Any CPU.ActiveCfg = Release|Any CPU
		{37E40364-93EC-4535-86E8-9F232AE076FE}.Release|Any CPU.Build.0 = Release|Any CPU
		{ED3B611F-F612-42B8-AB07-B91318E2199F}.Debug|Any CPU.ActiveCfg = Debug|Any CPU
		{ED3B611F-F612-42B8-AB07-B91318E2199F}.Debug|Any CPU.Build.0 = Debug|Any CPU
		{ED3B611F-F612-42B8-AB07-B91318E2199F}.Release|Any CPU.ActiveCfg = Release|Any CPU
		{ED3B611F-F612-42B8-AB07-B91318E2199F}.Release|Any CPU.Build.0 = Release|Any CPU
		{E6807E39-D995-467B-9380-365C64E60F49}.Debug|Any CPU.ActiveCfg = Debug|Any CPU
		{E6807E39-D995-467B-9380-365C64E60F49}.Debug|Any CPU.Build.0 = Debug|Any CPU
		{E6807E39-D995-467B-9380-365C64E60F49}.Release|Any CPU.ActiveCfg = Release|Any CPU
		{E6807E39-D995-467B-9380-365C64E60F49}.Release|Any CPU.Build.0 = Release|Any CPU
		{815B3EF4-7A08-4927-A495-AAA16AC329FA}.Debug|Any CPU.ActiveCfg = Debug|Any CPU
		{815B3EF4-7A08-4927-A495-AAA16AC329FA}.Debug|Any CPU.Build.0 = Debug|Any CPU
		{815B3EF4-7A08-4927-A495-AAA16AC329FA}.Release|Any CPU.ActiveCfg = Release|Any CPU
		{815B3EF4-7A08-4927-A495-AAA16AC329FA}.Release|Any CPU.Build.0 = Release|Any CPU
		{327A8114-8574-43A7-8768-9F1AE1F48AB4}.Debug|Any CPU.ActiveCfg = Debug|Any CPU
		{327A8114-8574-43A7-8768-9F1AE1F48AB4}.Debug|Any CPU.Build.0 = Debug|Any CPU
		{327A8114-8574-43A7-8768-9F1AE1F48AB4}.Release|Any CPU.ActiveCfg = Release|Any CPU
		{327A8114-8574-43A7-8768-9F1AE1F48AB4}.Release|Any CPU.Build.0 = Release|Any CPU
		{F473E2FA-0E6D-4E16-8E3D-1493D5F7D6E0}.Debug|Any CPU.ActiveCfg = Debug|Any CPU
		{F473E2FA-0E6D-4E16-8E3D-1493D5F7D6E0}.Debug|Any CPU.Build.0 = Debug|Any CPU
		{F473E2FA-0E6D-4E16-8E3D-1493D5F7D6E0}.Release|Any CPU.ActiveCfg = Release|Any CPU
		{F473E2FA-0E6D-4E16-8E3D-1493D5F7D6E0}.Release|Any CPU.Build.0 = Release|Any CPU
		{98272237-FBBF-4F95-BC6F-44EA91490F3A}.Debug|Any CPU.ActiveCfg = Debug|Any CPU
		{98272237-FBBF-4F95-BC6F-44EA91490F3A}.Debug|Any CPU.Build.0 = Debug|Any CPU
		{98272237-FBBF-4F95-BC6F-44EA91490F3A}.Release|Any CPU.ActiveCfg = Release|Any CPU
		{98272237-FBBF-4F95-BC6F-44EA91490F3A}.Release|Any CPU.Build.0 = Release|Any CPU
		{A171855E-222C-4BA2-AD71-5C2742D6D9B7}.Debug|Any CPU.ActiveCfg = Debug|Any CPU
		{A171855E-222C-4BA2-AD71-5C2742D6D9B7}.Debug|Any CPU.Build.0 = Debug|Any CPU
		{A171855E-222C-4BA2-AD71-5C2742D6D9B7}.Release|Any CPU.ActiveCfg = Release|Any CPU
		{A171855E-222C-4BA2-AD71-5C2742D6D9B7}.Release|Any CPU.Build.0 = Release|Any CPU
		{E2AC73AA-2426-4F16-8AF9-351D01EBBEF2}.Debug|Any CPU.ActiveCfg = Debug|Any CPU
		{E2AC73AA-2426-4F16-8AF9-351D01EBBEF2}.Debug|Any CPU.Build.0 = Debug|Any CPU
		{E2AC73AA-2426-4F16-8AF9-351D01EBBEF2}.Release|Any CPU.ActiveCfg = Release|Any CPU
		{E2AC73AA-2426-4F16-8AF9-351D01EBBEF2}.Release|Any CPU.Build.0 = Release|Any CPU
		{51C42B15-EED4-4881-B9DA-4ECC5B3FAF14}.Debug|Any CPU.ActiveCfg = Debug|Any CPU
		{51C42B15-EED4-4881-B9DA-4ECC5B3FAF14}.Debug|Any CPU.Build.0 = Debug|Any CPU
		{51C42B15-EED4-4881-B9DA-4ECC5B3FAF14}.Release|Any CPU.ActiveCfg = Release|Any CPU
		{51C42B15-EED4-4881-B9DA-4ECC5B3FAF14}.Release|Any CPU.Build.0 = Release|Any CPU
	EndGlobalSection
	GlobalSection(SolutionProperties) = preSolution
		HideSolutionNode = FALSE
	EndGlobalSection
	GlobalSection(NestedProjects) = preSolution
		{DFB78E9B-674D-4DBA-93D8-E9AF1C974C7F} = {B15A241F-3C2C-40C6-AF5C-6748EDA1B02A}
		{E32EEE83-ECC3-4453-AFFD-2A3AD8B3269A} = {DFB78E9B-674D-4DBA-93D8-E9AF1C974C7F}
		{37E40364-93EC-4535-86E8-9F232AE076FE} = {E32EEE83-ECC3-4453-AFFD-2A3AD8B3269A}
		{ED3B611F-F612-42B8-AB07-B91318E2199F} = {E32EEE83-ECC3-4453-AFFD-2A3AD8B3269A}
		{E6807E39-D995-467B-9380-365C64E60F49} = {E32EEE83-ECC3-4453-AFFD-2A3AD8B3269A}
		{815B3EF4-7A08-4927-A495-AAA16AC329FA} = {E32EEE83-ECC3-4453-AFFD-2A3AD8B3269A}
		{7013D413-BECC-456B-98F1-1535601E5B3B} = {DFB78E9B-674D-4DBA-93D8-E9AF1C974C7F}
		{327A8114-8574-43A7-8768-9F1AE1F48AB4} = {7013D413-BECC-456B-98F1-1535601E5B3B}
		{F473E2FA-0E6D-4E16-8E3D-1493D5F7D6E0} = {7013D413-BECC-456B-98F1-1535601E5B3B}
		{98272237-FBBF-4F95-BC6F-44EA91490F3A} = {7013D413-BECC-456B-98F1-1535601E5B3B}
		{A5DD8841-A474-45C8-A8A9-7A2F5A32E333} = {B15A241F-3C2C-40C6-AF5C-6748EDA1B02A}
		{A171855E-222C-4BA2-AD71-5C2742D6D9B7} = {A5DD8841-A474-45C8-A8A9-7A2F5A32E333}
		{6532A568-0FC2-4A1A-8D07-122FBD8181B2} = {B15A241F-3C2C-40C6-AF5C-6748EDA1B02A}
		{E2AC73AA-2426-4F16-8AF9-351D01EBBEF2} = {6532A568-0FC2-4A1A-8D07-122FBD8181B2}
		{51C42B15-EED4-4881-B9DA-4ECC5B3FAF14} = {7013D413-BECC-456B-98F1-1535601E5B3B}
	EndGlobalSection
	GlobalSection(ExtensibilityGlobals) = postSolution
		SolutionGuid = {0501D56C-3F5F-4836-8786-3C8F072FEA29}
	EndGlobalSection
EndGlobal
